<?xml version="1.0" encoding="utf-8"?>
<Project ToolsVersion="4.0" xmlns="http://schemas.microsoft.com/developer/msbuild/2003">
  <ItemGroup>
    <Filter Include="Source Files">
      <UniqueIdentifier>{4FC737F1-C7A5-4376-A066-2A32D752A2FF}</UniqueIdentifier>
      <Extensions>cpp;c;cc;cxx;def;odl;idl;hpj;bat;asm;asmx</Extensions>
    </Filter>
    <Filter Include="Header Files">
      <UniqueIdentifier>{93995380-89BD-4b04-88EB-625FBE52EBFB}</UniqueIdentifier>
      <Extensions>h;hh;hpp;hxx;hm;inl;inc;xsd</Extensions>
    </Filter>
    <Filter Include="Resource Files">
      <UniqueIdentifier>{67DA6AB6-F800-4c08-8B7A-83BB121AAD01}</UniqueIdentifier>
      <Extensions>rc;ico;cur;bmp;dlg;rc2;rct;bin;rgs;gif;jpg;jpeg;jpe;resx;tiff;tif;png;wav;mfcribbon-ms</Extensions>
    </Filter>
    <Filter Include="Header Files\Display Items">
      <UniqueIdentifier>{467c47a2-5628-44bd-b958-5ec25032f446}</UniqueIdentifier>
    </Filter>
    <Filter Include="Source Files\Display Items">
      <UniqueIdentifier>{88d4c614-c18c-4478-87e7-0018051e465d}</UniqueIdentifier>
    </Filter>
    <Filter Include="Header Files\Animation">
      <UniqueIdentifier>{5b7f0b62-4239-461e-9eac-c4b6e280dac8}</UniqueIdentifier>
    </Filter>
    <Filter Include="Source Files\Animation">
      <UniqueIdentifier>{dd35f6a3-a707-4a9e-968c-23ac1932f211}</UniqueIdentifier>
    </Filter>
  </ItemGroup>
  <ItemGroup>
    <ClInclude Include="stdafx.h">
      <Filter>Header Files</Filter>
    </ClInclude>
    <ClInclude Include="targetver.h">
      <Filter>Header Files</Filter>
    </ClInclude>
    <ClInclude Include="Resource.h">
      <Filter>Header Files</Filter>
    </ClInclude>
    <ClInclude Include="WinParticles.h">
      <Filter>Header Files</Filter>
    </ClInclude>
    <ClInclude Include="Particle.h">
      <Filter>Header Files</Filter>
    </ClInclude>
    <ClInclude Include="ParticleSys.h">
      <Filter>Header Files</Filter>
    </ClInclude>
    <ClInclude Include="BackBuffer.h">
      <Filter>Header Files</Filter>
    </ClInclude>
    <ClInclude Include="Gradient.h">
      <Filter>Header Files</Filter>
    </ClInclude>
    <ClInclude Include="Common.h">
      <Filter>Header Files</Filter>
    </ClInclude>
    <ClInclude Include="ParamAgent.h">
      <Filter>Header Files</Filter>
    </ClInclude>
    <ClInclude Include="ChaoticGradient.h">
      <Filter>Header Files</Filter>
    </ClInclude>
    <ClInclude Include="PresetManager.h">
      <Filter>Header Files</Filter>
    </ClInclude>
    <ClInclude Include="ParticleBitmap.h">
      <Filter>Header Files</Filter>
    </ClInclude>
    <ClInclude Include="WinEvents.h">
      <Filter>Header Files</Filter>
    </ClInclude>
    <ClInclude Include="BitmapEditor.h">
      <Filter>Header Files\Display Items</Filter>
    </ClInclude>
    <ClInclude Include="CompoundDispItem.h">
      <Filter>Header Files\Display Items</Filter>
    </ClInclude>
    <ClInclude Include="DisplayItem.h">
      <Filter>Header Files\Display Items</Filter>
    </ClInclude>
    <ClInclude Include="GradientEditor.h">
      <Filter>Header Files\Display Items</Filter>
    </ClInclude>
    <ClInclude Include="NumericInputBox.h">
      <Filter>Header Files\Display Items</Filter>
    </ClInclude>
    <ClInclude Include="RootDisplay.h">
      <Filter>Header Files\Display Items</Filter>
    </ClInclude>
    <ClInclude Include="AnimatedParam.h">
      <Filter>Header Files\Animation</Filter>
    </ClInclude>
    <ClInclude Include="AnimTarget.h">
      <Filter>Header Files\Animation</Filter>
    </ClInclude>
    <ClInclude Include="Animation.h">
      <Filter>Header Files\Animation</Filter>
    </ClInclude>
    <ClInclude Include="AnimFunctions.h">
      <Filter>Header Files\Animation</Filter>
    </ClInclude>
    <ClInclude Include="AnimEditor.h">
      <Filter>Header Files\Display Items</Filter>
    </ClInclude>
    <ClInclude Include="SwitchCtrl.h">
      <Filter>Header Files\Display Items</Filter>
    </ClInclude>
    <ClInclude Include="KnobCtrl.h">
      <Filter>Header Files\Display Items</Filter>
    </ClInclude>
    <ClInclude Include="AnimPresetIDMappings.h">
      <Filter>Header Files\Animation</Filter>
    </ClInclude>
    <ClInclude Include="FPSMonitor.h">
      <Filter>Header Files</Filter>
    </ClInclude>
    <ClInclude Include="HelpText.h">
      <Filter>Header Files\Display Items</Filter>
    </ClInclude>
  </ItemGroup>
  <ItemGroup>
    <ClCompile Include="stdafx.cpp">
      <Filter>Source Files</Filter>
    </ClCompile>
    <ClCompile Include="WinParticles.cpp">
      <Filter>Source Files</Filter>
    </ClCompile>
    <ClCompile Include="Particle.cpp">
      <Filter>Source Files</Filter>
    </ClCompile>
    <ClCompile Include="ParticleSys.cpp">
      <Filter>Source Files</Filter>
    </ClCompile>
    <ClCompile Include="BackBuffer.cpp">
      <Filter>Source Files</Filter>
    </ClCompile>
    <ClCompile Include="Gradient.cpp">
      <Filter>Source Files</Filter>
    </ClCompile>
    <ClCompile Include="Common.cpp">
      <Filter>Source Files</Filter>
    </ClCompile>
    <ClCompile Include="ParamAgent.cpp">
      <Filter>Source Files</Filter>
    </ClCompile>
    <ClCompile Include="ChaoticGradient.cpp">
      <Filter>Source Files</Filter>
    </ClCompile>
    <ClCompile Include="PresetManager.cpp">
      <Filter>Source Files</Filter>
    </ClCompile>
    <ClCompile Include="ParticleBitmap.cpp">
      <Filter>Source Files</Filter>
    </ClCompile>
    <ClCompile Include="WinEvents.cpp">
      <Filter>Source Files</Filter>
    </ClCompile>
    <ClCompile Include="BitmapEditor.cpp">
      <Filter>Source Files\Display Items</Filter>
    </ClCompile>
    <ClCompile Include="CompoundDispItem.cpp">
      <Filter>Source Files\Display Items</Filter>
    </ClCompile>
    <ClCompile Include="DisplayItem.cpp">
      <Filter>Source Files\Display Items</Filter>
    </ClCompile>
    <ClCompile Include="GradientEditor.cpp">
      <Filter>Source Files\Display Items</Filter>
    </ClCompile>
    <ClCompile Include="NumericInputBox.cpp">
      <Filter>Source Files\Display Items</Filter>
    </ClCompile>
    <ClCompile Include="RootDisplay.cpp">
      <Filter>Source Files\Display Items</Filter>
    </ClCompile>
    <ClCompile Include="AnimatedParam.cpp">
      <Filter>Source Files\Animation</Filter>
    </ClCompile>
    <ClCompile Include="AnimFunctions.cpp">
      <Filter>Source Files\Animation</Filter>
    </ClCompile>
    <ClCompile Include="AnimEditor.cpp">
      <Filter>Source Files\Display Items</Filter>
    </ClCompile>
    <ClCompile Include="SwitchCtrl.cpp">
      <Filter>Source Files\Display Items</Filter>
    </ClCompile>
    <ClCompile Include="KnobCtrl.cpp">
      <Filter>Source Files\Display Items</Filter>
    </ClCompile>
    <ClCompile Include="AnimationGeneric.cpp">
      <Filter>Source Files\Animation</Filter>
    </ClCompile>
    <ClCompile Include="FPSMonitor.cpp">
      <Filter>Source Files</Filter>
    </ClCompile>
    <ClCompile Include="HelpText.cpp">
      <Filter>Source Files\Display Items</Filter>
    </ClCompile>
  </ItemGroup>
  <ItemGroup>
    <ResourceCompile Include="WinParticles.rc">
      <Filter>Resource Files</Filter>
    </ResourceCompile>
  </ItemGroup>
  <ItemGroup>
    <Image Include="WinParticles.ico">
      <Filter>Resource Files</Filter>
    </Image>
    <Image Include="particles.bmp">
      <Filter>Resource Files</Filter>
    </Image>
    <Image Include="bmptoolbar.bmp">
      <Filter>Resource Files</Filter>
    </Image>
    <Image Include="stephandle.bmp">
      <Filter>Resource Files</Filter>
    </Image>
    <Image Include="stephandle_mask.bmp">
      <Filter>Resource Files</Filter>
    </Image>
    <Image Include="stephandle_color_mask.bmp">
      <Filter>Resource Files</Filter>
    </Image>
    <Image Include="knob.bmp">
      <Filter>Resource Files</Filter>
    </Image>
    <Image Include="switch.bmp">
      <Filter>Resource Files</Filter>
    </Image>
    <Image Include="reset_icon.bmp">
      <Filter>Resource Files</Filter>
    </Image>
  </ItemGroup>
  <ItemGroup>
    <None Include="emitter.cur">
      <Filter>Resource Files</Filter>
    </None>
  </ItemGroup>
</Project>